// !$*UTF8*$!
{
	archiveVersion = 1;
	classes = {
	};
	objectVersion = 56;
	objects = {

/* Begin PBXBuildFile section */
		872CC07629BB7F4300EDE614 /* LearningApp.swift in Sources */ = {isa = PBXBuildFile; fileRef = 872CC07529BB7F4300EDE614 /* LearningApp.swift */; };
		872CC07829BB7F4300EDE614 /* HomeView.swift in Sources */ = {isa = PBXBuildFile; fileRef = 872CC07729BB7F4300EDE614 /* HomeView.swift */; };
		872CC07A29BB7F4400EDE614 /* Assets.xcassets in Resources */ = {isa = PBXBuildFile; fileRef = 872CC07929BB7F4400EDE614 /* Assets.xcassets */; };
		872CC07D29BB7F4400EDE614 /* Preview Assets.xcassets in Resources */ = {isa = PBXBuildFile; fileRef = 872CC07C29BB7F4400EDE614 /* Preview Assets.xcassets */; };
		872CC08929BB801A00EDE614 /* ContentModel.swift in Sources */ = {isa = PBXBuildFile; fileRef = 872CC08829BB801A00EDE614 /* ContentModel.swift */; };
		872CC08C29BB825500EDE614 /* style.html in Resources */ = {isa = PBXBuildFile; fileRef = 872CC08A29BB825500EDE614 /* style.html */; };
		872CC08D29BB825500EDE614 /* data.json in Resources */ = {isa = PBXBuildFile; fileRef = 872CC08B29BB825500EDE614 /* data.json */; };
		872CC08F29BBA03600EDE614 /* Module.swift in Sources */ = {isa = PBXBuildFile; fileRef = 872CC08E29BBA03600EDE614 /* Module.swift */; };
		872CC09129BBA79900EDE614 /* HomeViewRow.swift in Sources */ = {isa = PBXBuildFile; fileRef = 872CC09029BBA79900EDE614 /* HomeViewRow.swift */; };
		872CC09329BBAB4500EDE614 /* ContentView.swift in Sources */ = {isa = PBXBuildFile; fileRef = 872CC09229BBAB4500EDE614 /* ContentView.swift */; };
		872CC09529BBB0CC00EDE614 /* ContentViewRow.swift in Sources */ = {isa = PBXBuildFile; fileRef = 872CC09429BBB0CC00EDE614 /* ContentViewRow.swift */; };
		872CC09729BBB2AF00EDE614 /* ContentDetailView.swift in Sources */ = {isa = PBXBuildFile; fileRef = 872CC09629BBB2AF00EDE614 /* ContentDetailView.swift */; };
		872CC09A29BBB47100EDE614 /* AVKit.framework in Frameworks */ = {isa = PBXBuildFile; fileRef = 872CC09929BBB47100EDE614 /* AVKit.framework */; };
		872CC09C29BBB59400EDE614 /* Constants.swift in Sources */ = {isa = PBXBuildFile; fileRef = 872CC09B29BBB59400EDE614 /* Constants.swift */; };
/* End PBXBuildFile section */

/* Begin PBXFileReference section */
		872CC07229BB7F4300EDE614 /* LearningApp.app */ = {isa = PBXFileReference; explicitFileType = wrapper.application; includeInIndex = 0; path = LearningApp.app; sourceTree = BUILT_PRODUCTS_DIR; };
		872CC07529BB7F4300EDE614 /* LearningApp.swift */ = {isa = PBXFileReference; lastKnownFileType = sourcecode.swift; path = LearningApp.swift; sourceTree = "<group>"; };
		872CC07729BB7F4300EDE614 /* HomeView.swift */ = {isa = PBXFileReference; lastKnownFileType = sourcecode.swift; path = HomeView.swift; sourceTree = "<group>"; };
		872CC07929BB7F4400EDE614 /* Assets.xcassets */ = {isa = PBXFileReference; lastKnownFileType = folder.assetcatalog; path = Assets.xcassets; sourceTree = "<group>"; };
		872CC07C29BB7F4400EDE614 /* Preview Assets.xcassets */ = {isa = PBXFileReference; lastKnownFileType = folder.assetcatalog; path = "Preview Assets.xcassets"; sourceTree = "<group>"; };
		872CC08829BB801A00EDE614 /* ContentModel.swift */ = {isa = PBXFileReference; lastKnownFileType = sourcecode.swift; path = ContentModel.swift; sourceTree = "<group>"; };
		872CC08A29BB825500EDE614 /* style.html */ = {isa = PBXFileReference; fileEncoding = 4; lastKnownFileType = text.html; name = style.html; path = "../../../../../Downloads/M5L3 Resources/data/style.html"; sourceTree = "<group>"; };
		872CC08B29BB825500EDE614 /* data.json */ = {isa = PBXFileReference; fileEncoding = 4; lastKnownFileType = text.json; name = data.json; path = "../../../../../Downloads/M5L3 Resources/data/data.json"; sourceTree = "<group>"; };
		872CC08E29BBA03600EDE614 /* Module.swift */ = {isa = PBXFileReference; lastKnownFileType = sourcecode.swift; path = Module.swift; sourceTree = "<group>"; };
		872CC09029BBA79900EDE614 /* HomeViewRow.swift */ = {isa = PBXFileReference; lastKnownFileType = sourcecode.swift; path = HomeViewRow.swift; sourceTree = "<group>"; };
		872CC09229BBAB4500EDE614 /* ContentView.swift */ = {isa = PBXFileReference; lastKnownFileType = sourcecode.swift; path = ContentView.swift; sourceTree = "<group>"; };
		872CC09429BBB0CC00EDE614 /* ContentViewRow.swift */ = {isa = PBXFileReference; lastKnownFileType = sourcecode.swift; path = ContentViewRow.swift; sourceTree = "<group>"; };
		872CC09629BBB2AF00EDE614 /* ContentDetailView.swift */ = {isa = PBXFileReference; lastKnownFileType = sourcecode.swift; path = ContentDetailView.swift; sourceTree = "<group>"; };
		872CC09929BBB47100EDE614 /* AVKit.framework */ = {isa = PBXFileReference; lastKnownFileType = wrapper.framework; name = AVKit.framework; path = System/Library/Frameworks/AVKit.framework; sourceTree = SDKROOT; };
		872CC09B29BBB59400EDE614 /* Constants.swift */ = {isa = PBXFileReference; lastKnownFileType = sourcecode.swift; path = Constants.swift; sourceTree = "<group>"; };
/* End PBXFileReference section */

/* Begin PBXFrameworksBuildPhase section */
		872CC06F29BB7F4300EDE614 /* Frameworks */ = {
			isa = PBXFrameworksBuildPhase;
			buildActionMask = 2147483647;
			files = (
				872CC09A29BBB47100EDE614 /* AVKit.framework in Frameworks */,
			);
			runOnlyForDeploymentPostprocessing = 0;
		};
/* End PBXFrameworksBuildPhase section */

/* Begin PBXGroup section */
		872CC06929BB7F4300EDE614 = {
			isa = PBXGroup;
			children = (
				872CC07429BB7F4300EDE614 /* LearningApp */,
				872CC07329BB7F4300EDE614 /* Products */,
				872CC09829BBB47100EDE614 /* Frameworks */,
			);
			sourceTree = "<group>";
		};
		872CC07329BB7F4300EDE614 /* Products */ = {
			isa = PBXGroup;
			children = (
				872CC07229BB7F4300EDE614 /* LearningApp.app */,
			);
			name = Products;
			sourceTree = "<group>";
		};
		872CC07429BB7F4300EDE614 /* LearningApp */ = {
			isa = PBXGroup;
			children = (
				872CC07529BB7F4300EDE614 /* LearningApp.swift */,
				872CC08329BB7FB200EDE614 /* Views */,
				872CC08429BB7FB700EDE614 /* ViewModels */,
				872CC08529BB7FBB00EDE614 /* Models */,
				872CC08629BB7FBF00EDE614 /* Resources */,
				872CC08729BB7FC300EDE614 /* Helpers */,
				872CC07929BB7F4400EDE614 /* Assets.xcassets */,
				872CC07B29BB7F4400EDE614 /* Preview Content */,
			);
			path = LearningApp;
			sourceTree = "<group>";
		};
		872CC07B29BB7F4400EDE614 /* Preview Content */ = {
			isa = PBXGroup;
			children = (
				872CC07C29BB7F4400EDE614 /* Preview Assets.xcassets */,
			);
			path = "Preview Content";
			sourceTree = "<group>";
		};
		872CC08329BB7FB200EDE614 /* Views */ = {
			isa = PBXGroup;
			children = (
				872CC07729BB7F4300EDE614 /* HomeView.swift */,
				872CC09029BBA79900EDE614 /* HomeViewRow.swift */,
				872CC09229BBAB4500EDE614 /* ContentView.swift */,
				872CC09429BBB0CC00EDE614 /* ContentViewRow.swift */,
				872CC09629BBB2AF00EDE614 /* ContentDetailView.swift */,
			);
			path = Views;
			sourceTree = "<group>";
		};
		872CC08429BB7FB700EDE614 /* ViewModels */ = {
			isa = PBXGroup;
			children = (
				872CC08829BB801A00EDE614 /* ContentModel.swift */,
			);
			path = ViewModels;
			sourceTree = "<group>";
		};
		872CC08529BB7FBB00EDE614 /* Models */ = {
			isa = PBXGroup;
			children = (
				872CC08E29BBA03600EDE614 /* Module.swift */,
			);
			path = Models;
			sourceTree = "<group>";
		};
		872CC08629BB7FBF00EDE614 /* Resources */ = {
			isa = PBXGroup;
			children = (
				872CC08B29BB825500EDE614 /* data.json */,
				872CC08A29BB825500EDE614 /* style.html */,
				872CC09B29BBB59400EDE614 /* Constants.swift */,
			);
			path = Resources;
			sourceTree = "<group>";
		};
		872CC08729BB7FC300EDE614 /* Helpers */ = {
			isa = PBXGroup;
			children = (
			);
			path = Helpers;
			sourceTree = "<group>";
		};
		872CC09829BBB47100EDE614 /* Frameworks */ = {
			isa = PBXGroup;
			children = (
				872CC09929BBB47100EDE614 /* AVKit.framework */,
			);
			name = Frameworks;
			sourceTree = "<group>";
		};
/* End PBXGroup section */

/* Begin PBXNativeTarget section */
		872CC07129BB7F4300EDE614 /* LearningApp */ = {
			isa = PBXNativeTarget;
			buildConfigurationList = 872CC08029BB7F4400EDE614 /* Build configuration list for PBXNativeTarget "LearningApp" */;
			buildPhases = (
				872CC06E29BB7F4300EDE614 /* Sources */,
				872CC06F29BB7F4300EDE614 /* Frameworks */,
				872CC07029BB7F4300EDE614 /* Resources */,
			);
			buildRules = (
			);
			dependencies = (
			);
			name = LearningApp;
			productName = LearningApp;
			productReference = 872CC07229BB7F4300EDE614 /* LearningApp.app */;
			productType = "com.apple.product-type.application";
		};
/* End PBXNativeTarget section */

/* Begin PBXProject section */
		872CC06A29BB7F4300EDE614 /* Project object */ = {
			isa = PBXProject;
			attributes = {
				BuildIndependentTargetsInParallel = 1;
				LastSwiftUpdateCheck = 1420;
				LastUpgradeCheck = 1420;
				TargetAttributes = {
					872CC07129BB7F4300EDE614 = {
						CreatedOnToolsVersion = 14.2;
					};
				};
			};
			buildConfigurationList = 872CC06D29BB7F4300EDE614 /* Build configuration list for PBXProject "LearningApp" */;
			compatibilityVersion = "Xcode 14.0";
			developmentRegion = en;
			hasScannedForEncodings = 0;
			knownRegions = (
				en,
				Base,
			);
			mainGroup = 872CC06929BB7F4300EDE614;
			productRefGroup = 872CC07329BB7F4300EDE614 /* Products */;
			projectDirPath = "";
			projectRoot = "";
			targets = (
				872CC07129BB7F4300EDE614 /* LearningApp */,
			);
		};
/* End PBXProject section */

/* Begin PBXResourcesBuildPhase section */
		872CC07029BB7F4300EDE614 /* Resources */ = {
			isa = PBXResourcesBuildPhase;
			buildActionMask = 2147483647;
			files = (
				872CC08C29BB825500EDE614 /* style.html in Resources */,
				872CC07D29BB7F4400EDE614 /* Preview Assets.xcassets in Resources */,
				872CC07A29BB7F4400EDE614 /* Assets.xcassets in Resources */,
				872CC08D29BB825500EDE614 /* data.json in Resources */,
			);
			runOnlyForDeploymentPostprocessing = 0;
		};
/* End PBXResourcesBuildPhase section */

/* Begin PBXSourcesBuildPhase section */
		872CC06E29BB7F4300EDE614 /* Sources */ = {
			isa = PBXSourcesBuildPhase;
			buildActionMask = 2147483647;
			files = (
				872CC07829BB7F4300EDE614 /* HomeView.swift in Sources */,
				872CC09129BBA79900EDE614 /* HomeViewRow.swift in Sources */,
				872CC09329BBAB4500EDE614 /* ContentView.swift in Sources */,
				872CC09729BBB2AF00EDE614 /* ContentDetailView.swift in Sources */,
				872CC08F29BBA03600EDE614 /* Module.swift in Sources */,
				872CC09529BBB0CC00EDE614 /* ContentViewRow.swift in Sources */,
				872CC07629BB7F4300EDE614 /* LearningApp.swift in Sources */,
				872CC08929BB801A00EDE614 /* ContentModel.swift in Sources */,
				872CC09C29BBB59400EDE614 /* Constants.swift in Sources */,
			);
			runOnlyForDeploymentPostprocessing = 0;
		};
/* End PBXSourcesBuildPhase section */

/* Begin XCBuildConfiguration section */
		872CC07E29BB7F4400EDE614 /* Debug */ = {
			isa = XCBuildConfiguration;
			buildSettings = {
				ALWAYS_SEARCH_USER_PATHS = NO;
				CLANG_ANALYZER_NONNULL = YES;
				CLANG_ANALYZER_NUMBER_OBJECT_CONVERSION = YES_AGGRESSIVE;
				CLANG_CXX_LANGUAGE_STANDARD = "gnu++20";
				CLANG_ENABLE_MODULES = YES;
				CLANG_ENABLE_OBJC_ARC = YES;
				CLANG_ENABLE_OBJC_WEAK = YES;
				CLANG_WARN_BLOCK_CAPTURE_AUTORELEASING = YES;
				CLANG_WARN_BOOL_CONVERSION = YES;
				CLANG_WARN_COMMA = YES;
				CLANG_WARN_CONSTANT_CONVERSION = YES;
				CLANG_WARN_DEPRECATED_OBJC_IMPLEMENTATIONS = YES;
				CLANG_WARN_DIRECT_OBJC_ISA_USAGE = YES_ERROR;
				CLANG_WARN_DOCUMENTATION_COMMENTS = YES;
				CLANG_WARN_EMPTY_BODY = YES;
				CLANG_WARN_ENUM_CONVERSION = YES;
				CLANG_WARN_INFINITE_RECURSION = YES;
				CLANG_WARN_INT_CONVERSION = YES;
				CLANG_WARN_NON_LITERAL_NULL_CONVERSION = YES;
				CLANG_WARN_OBJC_IMPLICIT_RETAIN_SELF = YES;
				CLANG_WARN_OBJC_LITERAL_CONVERSION = YES;
				CLANG_WARN_OBJC_ROOT_CLASS = YES_ERROR;
				CLANG_WARN_QUOTED_INCLUDE_IN_FRAMEWORK_HEADER = YES;
				CLANG_WARN_RANGE_LOOP_ANALYSIS = YES;
				CLANG_WARN_STRICT_PROTOTYPES = YES;
				CLANG_WARN_SUSPICIOUS_MOVE = YES;
				CLANG_WARN_UNGUARDED_AVAILABILITY = YES_AGGRESSIVE;
				CLANG_WARN_UNREACHABLE_CODE = YES;
				CLANG_WARN__DUPLICATE_METHOD_MATCH = YES;
				COPY_PHASE_STRIP = NO;
				DEBUG_INFORMATION_FORMAT = dwarf;
				ENABLE_STRICT_OBJC_MSGSEND = YES;
				ENABLE_TESTABILITY = YES;
				GCC_C_LANGUAGE_STANDARD = gnu11;
				GCC_DYNAMIC_NO_PIC = NO;
				GCC_NO_COMMON_BLOCKS = YES;
				GCC_OPTIMIZATION_LEVEL = 0;
				GCC_PREPROCESSOR_DEFINITIONS = (
					"DEBUG=1",
					"$(inherited)",
				);
				GCC_WARN_64_TO_32_BIT_CONVERSION = YES;
				GCC_WARN_ABOUT_RETURN_TYPE = YES_ERROR;
				GCC_WARN_UNDECLARED_SELECTOR = YES;
				GCC_WARN_UNINITIALIZED_AUTOS = YES_AGGRESSIVE;
				GCC_WARN_UNUSED_FUNCTION = YES;
				GCC_WARN_UNUSED_VARIABLE = YES;
				IPHONEOS_DEPLOYMENT_TARGET = 16.2;
				MTL_ENABLE_DEBUG_INFO = INCLUDE_SOURCE;
				MTL_FAST_MATH = YES;
				ONLY_ACTIVE_ARCH = YES;
				SDKROOT = iphoneos;
				SWIFT_ACTIVE_COMPILATION_CONDITIONS = DEBUG;
				SWIFT_OPTIMIZATION_LEVEL = "-Onone";
			};
			name = Debug;
		};
		872CC07F29BB7F4400EDE614 /* Release */ = {
			isa = XCBuildConfiguration;
			buildSettings = {
				ALWAYS_SEARCH_USER_PATHS = NO;
				CLANG_ANALYZER_NONNULL = YES;
				CLANG_ANALYZER_NUMBER_OBJECT_CONVERSION = YES_AGGRESSIVE;
				CLANG_CXX_LANGUAGE_STANDARD = "gnu++20";
				CLANG_ENABLE_MODULES = YES;
				CLANG_ENABLE_OBJC_ARC = YES;
				CLANG_ENABLE_OBJC_WEAK = YES;
				CLANG_WARN_BLOCK_CAPTURE_AUTORELEASING = YES;
				CLANG_WARN_BOOL_CONVERSION = YES;
				CLANG_WARN_COMMA = YES;
				CLANG_WARN_CONSTANT_CONVERSION = YES;
				CLANG_WARN_DEPRECATED_OBJC_IMPLEMENTATIONS = YES;
				CLANG_WARN_DIRECT_OBJC_ISA_USAGE = YES_ERROR;
				CLANG_WARN_DOCUMENTATION_COMMENTS = YES;
				CLANG_WARN_EMPTY_BODY = YES;
				CLANG_WARN_ENUM_CONVERSION = YES;
				CLANG_WARN_INFINITE_RECURSION = YES;
				CLANG_WARN_INT_CONVERSION = YES;
				CLANG_WARN_NON_LITERAL_NULL_CONVERSION = YES;
				CLANG_WARN_OBJC_IMPLICIT_RETAIN_SELF = YES;
				CLANG_WARN_OBJC_LITERAL_CONVERSION = YES;
				CLANG_WARN_OBJC_ROOT_CLASS = YES_ERROR;
				CLANG_WARN_QUOTED_INCLUDE_IN_FRAMEWORK_HEADER = YES;
				CLANG_WARN_RANGE_LOOP_ANALYSIS = YES;
				CLANG_WARN_STRICT_PROTOTYPES = YES;
				CLANG_WARN_SUSPICIOUS_MOVE = YES;
				CLANG_WARN_UNGUARDED_AVAILABILITY = YES_AGGRESSIVE;
				CLANG_WARN_UNREACHABLE_CODE = YES;
				CLANG_WARN__DUPLICATE_METHOD_MATCH = YES;
				COPY_PHASE_STRIP = NO;
				DEBUG_INFORMATION_FORMAT = "dwarf-with-dsym";
				ENABLE_NS_ASSERTIONS = NO;
				ENABLE_STRICT_OBJC_MSGSEND = YES;
				GCC_C_LANGUAGE_STANDARD = gnu11;
				GCC_NO_COMMON_BLOCKS = YES;
				GCC_WARN_64_TO_32_BIT_CONVERSION = YES;
				GCC_WARN_ABOUT_RETURN_TYPE = YES_ERROR;
				GCC_WARN_UNDECLARED_SELECTOR = YES;
				GCC_WARN_UNINITIALIZED_AUTOS = YES_AGGRESSIVE;
				GCC_WARN_UNUSED_FUNCTION = YES;
				GCC_WARN_UNUSED_VARIABLE = YES;
				IPHONEOS_DEPLOYMENT_TARGET = 16.2;
				MTL_ENABLE_DEBUG_INFO = NO;
				MTL_FAST_MATH = YES;
				SDKROOT = iphoneos;
				SWIFT_COMPILATION_MODE = wholemodule;
				SWIFT_OPTIMIZATION_LEVEL = "-O";
				VALIDATE_PRODUCT = YES;
			};
			name = Release;
		};
		872CC08129BB7F4400EDE614 /* Debug */ = {
			isa = XCBuildConfiguration;
			buildSettings = {
				ASSETCATALOG_COMPILER_APPICON_NAME = AppIcon;
				ASSETCATALOG_COMPILER_GLOBAL_ACCENT_COLOR_NAME = AccentColor;
				CODE_SIGN_STYLE = Automatic;
				CURRENT_PROJECT_VERSION = 1;
				DEVELOPMENT_ASSET_PATHS = "\"LearningApp/Preview Content\"";
				ENABLE_PREVIEWS = YES;
				GENERATE_INFOPLIST_FILE = YES;
				INFOPLIST_KEY_UIApplicationSceneManifest_Generation = YES;
				INFOPLIST_KEY_UIApplicationSupportsIndirectInputEvents = YES;
				INFOPLIST_KEY_UILaunchScreen_Generation = YES;
				INFOPLIST_KEY_UISupportedInterfaceOrientations_iPad = "UIInterfaceOrientationPortrait UIInterfaceOrientationPortraitUpsideDown UIInterfaceOrientationLandscapeLeft UIInterfaceOrientationLandscapeRight";
				INFOPLIST_KEY_UISupportedInterfaceOrientations_iPhone = "UIInterfaceOrientationPortrait UIInterfaceOrientationLandscapeLeft UIInterfaceOrientationLandscapeRight";
				LD_RUNPATH_SEARCH_PATHS = (
					"$(inherited)",
					"@executable_path/Frameworks",
				);
				MARKETING_VERSION = 1.0;
				PRODUCT_BUNDLE_IDENTIFIER = com.innovation.LearningApp;
				PRODUCT_NAME = "$(TARGET_NAME)";
				SWIFT_EMIT_LOC_STRINGS = YES;
				SWIFT_VERSION = 5.0;
				TARGETED_DEVICE_FAMILY = "1,2";
			};
			name = Debug;
		};
		872CC08229BB7F4400EDE614 /* Release */ = {
			isa = XCBuildConfiguration;
			buildSettings = {
				ASSETCATALOG_COMPILER_APPICON_NAME = AppIcon;
				ASSETCATALOG_COMPILER_GLOBAL_ACCENT_COLOR_NAME = AccentColor;
				CODE_SIGN_STYLE = Automatic;
				CURRENT_PROJECT_VERSION = 1;
				DEVELOPMENT_ASSET_PATHS = "\"LearningApp/Preview Content\"";
				ENABLE_PREVIEWS = YES;
				GENERATE_INFOPLIST_FILE = YES;
				INFOPLIST_KEY_UIApplicationSceneManifest_Generation = YES;
				INFOPLIST_KEY_UIApplicationSupportsIndirectInputEvents = YES;
				INFOPLIST_KEY_UILaunchScreen_Generation = YES;
				INFOPLIST_KEY_UISupportedInterfaceOrientations_iPad = "UIInterfaceOrientationPortrait UIInterfaceOrientationPortraitUpsideDown UIInterfaceOrientationLandscapeLeft UIInterfaceOrientationLandscapeRight";
				INFOPLIST_KEY_UISupportedInterfaceOrientations_iPhone = "UIInterfaceOrientationPortrait UIInterfaceOrientationLandscapeLeft UIInterfaceOrientationLandscapeRight";
				LD_RUNPATH_SEARCH_PATHS = (
					"$(inherited)",
					"@executable_path/Frameworks",
				);
				MARKETING_VERSION = 1.0;
				PRODUCT_BUNDLE_IDENTIFIER = com.innovation.LearningApp;
				PRODUCT_NAME = "$(TARGET_NAME)";
				SWIFT_EMIT_LOC_STRINGS = YES;
				SWIFT_VERSION = 5.0;
				TARGETED_DEVICE_FAMILY = "1,2";
			};
			name = Release;
		};
/* End XCBuildConfiguration section */

/* Begin XCConfigurationList section */
		872CC06D29BB7F4300EDE614 /* Build configuration list for PBXProject "LearningApp" */ = {
			isa = XCConfigurationList;
			buildConfigurations = (
				872CC07E29BB7F4400EDE614 /* Debug */,
				872CC07F29BB7F4400EDE614 /* Release */,
			);
			defaultConfigurationIsVisible = 0;
			defaultConfigurationName = Release;
		};
		872CC08029BB7F4400EDE614 /* Build configuration list for PBXNativeTarget "LearningApp" */ = {
			isa = XCConfigurationList;
			buildConfigurations = (
				872CC08129BB7F4400EDE614 /* Debug */,
				872CC08229BB7F4400EDE614 /* Release */,
			);
			defaultConfigurationIsVisible = 0;
			defaultConfigurationName = Release;
		};
/* End XCConfigurationList section */
	};
	rootObject = 872CC06A29BB7F4300EDE614 /* Project object */;
}
